// !$*UTF8*$!
{
	archiveVersion = 1;
	classes = {
	};
	objectVersion = 50;
	objects = {

/* Begin PBXBuildFile section */
		8FC39E2220C85BD4004454D2 /* CustomModelViewController.swift in Sources */ = {isa = PBXBuildFile; fileRef = 8FC39E2120C85BD4004454D2 /* CustomModelViewController.swift */; };
		8FC39E2520C86211004454D2 /* BaseController.swift in Sources */ = {isa = PBXBuildFile; fileRef = 8FC39E2420C86211004454D2 /* BaseController.swift */; };
		8FC39E2720C86244004454D2 /* CaptureController.swift in Sources */ = {isa = PBXBuildFile; fileRef = 8FC39E2620C86244004454D2 /* CaptureController.swift */; };
		8FC39E2920C86298004454D2 /* Helpers.swift in Sources */ = {isa = PBXBuildFile; fileRef = 8FC39E2820C86298004454D2 /* Helpers.swift */; };
		8FC39E2C20C87309004454D2 /* tg.tflite in Resources */ = {isa = PBXBuildFile; fileRef = 8FC39E2B20C8728E004454D2 /* tg.tflite */; };
		8FC39E2E20C87B70004454D2 /* mobilenet.tflite in Resources */ = {isa = PBXBuildFile; fileRef = 8FC39E2D20C87AF9004454D2 /* mobilenet.tflite */; };
		8FC39E3020C883DB004454D2 /* GoogleService-Info.plist in Resources */ = {isa = PBXBuildFile; fileRef = 8FC39E2F20C883DB004454D2 /* GoogleService-Info.plist */; };
		8FCA37DE20C9BFF6004E9F67 /* mobilenet_labels.txt in Resources */ = {isa = PBXBuildFile; fileRef = 8FCA37DD20C9BFF6004E9F67 /* mobilenet_labels.txt */; };
		8FCA37E120CAB4B6004E9F67 /* Mobilenet.mlmodel in Sources */ = {isa = PBXBuildFile; fileRef = 8FCA37E020CAB4B6004E9F67 /* Mobilenet.mlmodel */; };
		8FCA37E420CACC0F004E9F67 /* CVPixelBuffer.swift in Sources */ = {isa = PBXBuildFile; fileRef = 8FCA37E320CACC0F004E9F67 /* CVPixelBuffer.swift */; };
		A554FD9E1048E689A1258104 /* Pods_MLKitTest.framework in Frameworks */ = {isa = PBXBuildFile; fileRef = 2DC21C05E35103DACCDF3F03 /* Pods_MLKitTest.framework */; };
		BF5434A120C6D38E00CCC5A4 /* AppDelegate.swift in Sources */ = {isa = PBXBuildFile; fileRef = BF5434A020C6D38E00CCC5A4 /* AppDelegate.swift */; };
		BF5434A320C6D38E00CCC5A4 /* ViewController.swift in Sources */ = {isa = PBXBuildFile; fileRef = BF5434A220C6D38E00CCC5A4 /* ViewController.swift */; };
		BF5434A620C6D38E00CCC5A4 /* Main.storyboard in Resources */ = {isa = PBXBuildFile; fileRef = BF5434A420C6D38E00CCC5A4 /* Main.storyboard */; };
		BF5434A820C6D39600CCC5A4 /* Assets.xcassets in Resources */ = {isa = PBXBuildFile; fileRef = BF5434A720C6D39600CCC5A4 /* Assets.xcassets */; };
		BF5434AB20C6D39600CCC5A4 /* LaunchScreen.storyboard in Resources */ = {isa = PBXBuildFile; fileRef = BF5434A920C6D39600CCC5A4 /* LaunchScreen.storyboard */; };
		BF5434B520C6D9D500CCC5A4 /* Constants.swift in Sources */ = {isa = PBXBuildFile; fileRef = BF5434B420C6D9D500CCC5A4 /* Constants.swift */; };
/* End PBXBuildFile section */

/* Begin PBXFileReference section */
		2DC21C05E35103DACCDF3F03 /* Pods_MLKitTest.framework */ = {isa = PBXFileReference; explicitFileType = wrapper.framework; includeInIndex = 0; path = Pods_MLKitTest.framework; sourceTree = BUILT_PRODUCTS_DIR; };
		8FC39E2120C85BD4004454D2 /* CustomModelViewController.swift */ = {isa = PBXFileReference; lastKnownFileType = sourcecode.swift; path = CustomModelViewController.swift; sourceTree = "<group>"; };
		8FC39E2420C86211004454D2 /* BaseController.swift */ = {isa = PBXFileReference; lastKnownFileType = sourcecode.swift; path = BaseController.swift; sourceTree = "<group>"; };
		8FC39E2620C86244004454D2 /* CaptureController.swift */ = {isa = PBXFileReference; lastKnownFileType = sourcecode.swift; path = CaptureController.swift; sourceTree = "<group>"; };
		8FC39E2820C86298004454D2 /* Helpers.swift */ = {isa = PBXFileReference; lastKnownFileType = sourcecode.swift; path = Helpers.swift; sourceTree = "<group>"; };
		8FC39E2B20C8728E004454D2 /* tg.tflite */ = {isa = PBXFileReference; lastKnownFileType = file; name = tg.tflite; path = MLKitTest/models/tg.tflite; sourceTree = SOURCE_ROOT; };
		8FC39E2D20C87AF9004454D2 /* mobilenet.tflite */ = {isa = PBXFileReference; lastKnownFileType = file; name = mobilenet.tflite; path = MLKitTest/models/mobilenet.tflite; sourceTree = SOURCE_ROOT; };
		8FC39E2F20C883DB004454D2 /* GoogleService-Info.plist */ = {isa = PBXFileReference; fileEncoding = 4; lastKnownFileType = text.plist.xml; path = "GoogleService-Info.plist"; sourceTree = SOURCE_ROOT; };
		8FCA37DD20C9BFF6004E9F67 /* mobilenet_labels.txt */ = {isa = PBXFileReference; fileEncoding = 4; lastKnownFileType = text; path = mobilenet_labels.txt; sourceTree = "<group>"; };
		8FCA37E020CAB4B6004E9F67 /* Mobilenet.mlmodel */ = {isa = PBXFileReference; lastKnownFileType = file.mlmodel; path = Mobilenet.mlmodel; sourceTree = "<group>"; };
		8FCA37E320CACC0F004E9F67 /* CVPixelBuffer.swift */ = {isa = PBXFileReference; lastKnownFileType = sourcecode.swift; path = CVPixelBuffer.swift; sourceTree = "<group>"; };
		BF54349D20C6D38E00CCC5A4 /* MLKitTest.app */ = {isa = PBXFileReference; explicitFileType = wrapper.application; includeInIndex = 0; path = MLKitTest.app; sourceTree = BUILT_PRODUCTS_DIR; };
		BF5434A020C6D38E00CCC5A4 /* AppDelegate.swift */ = {isa = PBXFileReference; lastKnownFileType = sourcecode.swift; path = AppDelegate.swift; sourceTree = "<group>"; };
		BF5434A220C6D38E00CCC5A4 /* ViewController.swift */ = {isa = PBXFileReference; lastKnownFileType = sourcecode.swift; path = ViewController.swift; sourceTree = "<group>"; };
		BF5434A520C6D38E00CCC5A4 /* Base */ = {isa = PBXFileReference; lastKnownFileType = file.storyboard; name = Base; path = Base.lproj/Main.storyboard; sourceTree = "<group>"; };
		BF5434A720C6D39600CCC5A4 /* Assets.xcassets */ = {isa = PBXFileReference; lastKnownFileType = folder.assetcatalog; path = Assets.xcassets; sourceTree = "<group>"; };
		BF5434AA20C6D39600CCC5A4 /* Base */ = {isa = PBXFileReference; lastKnownFileType = file.storyboard; name = Base; path = Base.lproj/LaunchScreen.storyboard; sourceTree = "<group>"; };
		BF5434AC20C6D39600CCC5A4 /* Info.plist */ = {isa = PBXFileReference; lastKnownFileType = text.plist.xml; path = Info.plist; sourceTree = "<group>"; };
		BF5434B420C6D9D500CCC5A4 /* Constants.swift */ = {isa = PBXFileReference; lastKnownFileType = sourcecode.swift; path = Constants.swift; sourceTree = "<group>"; };
		BFFAF022F4D2C4AD87375BDF /* Pods-MLKitTest.release.xcconfig */ = {isa = PBXFileReference; includeInIndex = 1; lastKnownFileType = text.xcconfig; name = "Pods-MLKitTest.release.xcconfig"; path = "Pods/Target Support Files/Pods-MLKitTest/Pods-MLKitTest.release.xcconfig"; sourceTree = "<group>"; };
		F4A7C4DFE3679A6A6F46946F /* Pods-MLKitTest.debug.xcconfig */ = {isa = PBXFileReference; includeInIndex = 1; lastKnownFileType = text.xcconfig; name = "Pods-MLKitTest.debug.xcconfig"; path = "Pods/Target Support Files/Pods-MLKitTest/Pods-MLKitTest.debug.xcconfig"; sourceTree = "<group>"; };
/* End PBXFileReference section */

/* Begin PBXFrameworksBuildPhase section */
		BF54349A20C6D38E00CCC5A4 /* Frameworks */ = {
			isa = PBXFrameworksBuildPhase;
			buildActionMask = 2147483647;
			files = (
				A554FD9E1048E689A1258104 /* Pods_MLKitTest.framework in Frameworks */,
			);
			runOnlyForDeploymentPostprocessing = 0;
		};
/* End PBXFrameworksBuildPhase section */

/* Begin PBXGroup section */
		3B3A5C4339911C8E757D276B /* Frameworks */ = {
			isa = PBXGroup;
			children = (
				2DC21C05E35103DACCDF3F03 /* Pods_MLKitTest.framework */,
			);
			name = Frameworks;
			sourceTree = "<group>";
		};
		592D589403880C3B047DF4C1 /* Pods */ = {
			isa = PBXGroup;
			children = (
				F4A7C4DFE3679A6A6F46946F /* Pods-MLKitTest.debug.xcconfig */,
				BFFAF022F4D2C4AD87375BDF /* Pods-MLKitTest.release.xcconfig */,
			);
			name = Pods;
			sourceTree = "<group>";
		};
		8FC39E2320C86204004454D2 /* Controllers */ = {
			isa = PBXGroup;
			children = (
				8FC39E2420C86211004454D2 /* BaseController.swift */,
				8FC39E2620C86244004454D2 /* CaptureController.swift */,
				BF5434A220C6D38E00CCC5A4 /* ViewController.swift */,
				8FC39E2120C85BD4004454D2 /* CustomModelViewController.swift */,
			);
			path = Controllers;
			sourceTree = "<group>";
		};
		8FCA37DF20CAB485004E9F67 /* models */ = {
			isa = PBXGroup;
			children = (
				8FCA37E020CAB4B6004E9F67 /* Mobilenet.mlmodel */,
				8FC39E2D20C87AF9004454D2 /* mobilenet.tflite */,
				8FCA37DD20C9BFF6004E9F67 /* mobilenet_labels.txt */,
				8FC39E2B20C8728E004454D2 /* tg.tflite */,
			);
			path = models;
			sourceTree = "<group>";
		};
		8FCA37E220CACBFB004E9F67 /* Helpers */ = {
			isa = PBXGroup;
			children = (
				8FCA37E320CACC0F004E9F67 /* CVPixelBuffer.swift */,
				8FC39E2820C86298004454D2 /* Helpers.swift */,
			);
			path = Helpers;
			sourceTree = "<group>";
		};
		BF54349420C6D38E00CCC5A4 = {
			isa = PBXGroup;
			children = (
				BF54349F20C6D38E00CCC5A4 /* MLKitTest */,
				BF54349E20C6D38E00CCC5A4 /* Products */,
				592D589403880C3B047DF4C1 /* Pods */,
				3B3A5C4339911C8E757D276B /* Frameworks */,
			);
			sourceTree = "<group>";
		};
		BF54349E20C6D38E00CCC5A4 /* Products */ = {
			isa = PBXGroup;
			children = (
				BF54349D20C6D38E00CCC5A4 /* MLKitTest.app */,
			);
			name = Products;
			sourceTree = "<group>";
		};
		BF54349F20C6D38E00CCC5A4 /* MLKitTest */ = {
			isa = PBXGroup;
			children = (
				8FCA37E220CACBFB004E9F67 /* Helpers */,
				8FCA37DF20CAB485004E9F67 /* models */,
				8FC39E2320C86204004454D2 /* Controllers */,
				BF5434A020C6D38E00CCC5A4 /* AppDelegate.swift */,
				BF5434A420C6D38E00CCC5A4 /* Main.storyboard */,
				BF5434A720C6D39600CCC5A4 /* Assets.xcassets */,
				BF5434A920C6D39600CCC5A4 /* LaunchScreen.storyboard */,
				BF5434AC20C6D39600CCC5A4 /* Info.plist */,
				8FC39E2F20C883DB004454D2 /* GoogleService-Info.plist */,
				BF5434B420C6D9D500CCC5A4 /* Constants.swift */,
			);
			path = MLKitTest;
			sourceTree = "<group>";
		};
/* End PBXGroup section */

/* Begin PBXNativeTarget section */
		BF54349C20C6D38E00CCC5A4 /* MLKitTest */ = {
			isa = PBXNativeTarget;
			buildConfigurationList = BF5434AF20C6D39600CCC5A4 /* Build configuration list for PBXNativeTarget "MLKitTest" */;
			buildPhases = (
				6014147E2DEF3342C28B1DB2 /* [CP] Check Pods Manifest.lock */,
				BF54349920C6D38E00CCC5A4 /* Sources */,
				BF54349A20C6D38E00CCC5A4 /* Frameworks */,
				BF54349B20C6D38E00CCC5A4 /* Resources */,
				F5813B2154AF5F9723827C0D /* [CP] Embed Pods Frameworks */,
			);
			buildRules = (
			);
			dependencies = (
			);
			name = MLKitTest;
			productName = MLKitTest;
			productReference = BF54349D20C6D38E00CCC5A4 /* MLKitTest.app */;
			productType = "com.apple.product-type.application";
		};
/* End PBXNativeTarget section */

/* Begin PBXProject section */
		BF54349520C6D38E00CCC5A4 /* Project object */ = {
			isa = PBXProject;
			attributes = {
				LastSwiftUpdateCheck = 0940;
				LastUpgradeCheck = 0940;
				ORGANIZATIONNAME = Xmartlabs;
				TargetAttributes = {
					BF54349C20C6D38E00CCC5A4 = {
						CreatedOnToolsVersion = 9.4;
					};
				};
			};
			buildConfigurationList = BF54349820C6D38E00CCC5A4 /* Build configuration list for PBXProject "MLKitTest" */;
			compatibilityVersion = "Xcode 9.3";
			developmentRegion = en;
			hasScannedForEncodings = 0;
			knownRegions = (
				en,
				Base,
			);
			mainGroup = BF54349420C6D38E00CCC5A4;
			productRefGroup = BF54349E20C6D38E00CCC5A4 /* Products */;
			projectDirPath = "";
			projectRoot = "";
			targets = (
				BF54349C20C6D38E00CCC5A4 /* MLKitTest */,
			);
		};
/* End PBXProject section */

/* Begin PBXResourcesBuildPhase section */
		BF54349B20C6D38E00CCC5A4 /* Resources */ = {
			isa = PBXResourcesBuildPhase;
			buildActionMask = 2147483647;
			files = (
				BF5434AB20C6D39600CCC5A4 /* LaunchScreen.storyboard in Resources */,
				8FC39E2C20C87309004454D2 /* tg.tflite in Resources */,
				BF5434A820C6D39600CCC5A4 /* Assets.xcassets in Resources */,
				BF5434A620C6D38E00CCC5A4 /* Main.storyboard in Resources */,
				8FCA37DE20C9BFF6004E9F67 /* mobilenet_labels.txt in Resources */,
				8FC39E2E20C87B70004454D2 /* mobilenet.tflite in Resources */,
				8FC39E3020C883DB004454D2 /* GoogleService-Info.plist in Resources */,
			);
			runOnlyForDeploymentPostprocessing = 0;
		};
/* End PBXResourcesBuildPhase section */

/* Begin PBXShellScriptBuildPhase section */
		6014147E2DEF3342C28B1DB2 /* [CP] Check Pods Manifest.lock */ = {
			isa = PBXShellScriptBuildPhase;
			buildActionMask = 2147483647;
			files = (
			);
			inputPaths = (
				"${PODS_PODFILE_DIR_PATH}/Podfile.lock",
				"${PODS_ROOT}/Manifest.lock",
			);
			name = "[CP] Check Pods Manifest.lock";
			outputPaths = (
				"$(DERIVED_FILE_DIR)/Pods-MLKitTest-checkManifestLockResult.txt",
			);
			runOnlyForDeploymentPostprocessing = 0;
			shellPath = /bin/sh;
			shellScript = "diff \"${PODS_PODFILE_DIR_PATH}/Podfile.lock\" \"${PODS_ROOT}/Manifest.lock\" > /dev/null\nif [ $? != 0 ] ; then\n    # print error to STDERR\n    echo \"error: The sandbox is not in sync with the Podfile.lock. Run 'pod install' or update your CocoaPods installation.\" >&2\n    exit 1\nfi\n# This output is used by Xcode 'outputs' to avoid re-running this script phase.\necho \"SUCCESS\" > \"${SCRIPT_OUTPUT_FILE_0}\"\n";
			showEnvVarsInLog = 0;
		};
		F5813B2154AF5F9723827C0D /* [CP] Embed Pods Frameworks */ = {
			isa = PBXShellScriptBuildPhase;
			buildActionMask = 2147483647;
			files = (
			);
			inputPaths = (
				"${SRCROOT}/Pods/Target Support Files/Pods-MLKitTest/Pods-MLKitTest-frameworks.sh",
				"${BUILT_PRODUCTS_DIR}/GTMSessionFetcher/GTMSessionFetcher.framework",
				"${BUILT_PRODUCTS_DIR}/GoogleAPIClientForREST/GoogleAPIClientForREST.framework",
				"${BUILT_PRODUCTS_DIR}/GoogleToolboxForMac/GoogleToolboxForMac.framework",
				"${BUILT_PRODUCTS_DIR}/Protobuf/Protobuf.framework",
				"${BUILT_PRODUCTS_DIR}/nanopb/nanopb.framework",
			);
			name = "[CP] Embed Pods Frameworks";
			outputPaths = (
				"${TARGET_BUILD_DIR}/${FRAMEWORKS_FOLDER_PATH}/GTMSessionFetcher.framework",
				"${TARGET_BUILD_DIR}/${FRAMEWORKS_FOLDER_PATH}/GoogleAPIClientForREST.framework",
				"${TARGET_BUILD_DIR}/${FRAMEWORKS_FOLDER_PATH}/GoogleToolboxForMac.framework",
				"${TARGET_BUILD_DIR}/${FRAMEWORKS_FOLDER_PATH}/Protobuf.framework",
				"${TARGET_BUILD_DIR}/${FRAMEWORKS_FOLDER_PATH}/nanopb.framework",
			);
			runOnlyForDeploymentPostprocessing = 0;
			shellPath = /bin/sh;
			shellScript = "\"${SRCROOT}/Pods/Target Support Files/Pods-MLKitTest/Pods-MLKitTest-frameworks.sh\"\n";
			showEnvVarsInLog = 0;
		};
/* End PBXShellScriptBuildPhase section */

/* Begin PBXSourcesBuildPhase section */
		BF54349920C6D38E00CCC5A4 /* Sources */ = {
			isa = PBXSourcesBuildPhase;
			buildActionMask = 2147483647;
			files = (
				8FCA37E120CAB4B6004E9F67 /* Mobilenet.mlmodel in Sources */,
				8FCA37E420CACC0F004E9F67 /* CVPixelBuffer.swift in Sources */,
				8FC39E2720C86244004454D2 /* CaptureController.swift in Sources */,
				8FC39E2920C86298004454D2 /* Helpers.swift in Sources */,
				BF5434A320C6D38E00CCC5A4 /* ViewController.swift in Sources */,
				8FC39E2220C85BD4004454D2 /* CustomModelViewController.swift in Sources */,
				8FC39E2520C86211004454D2 /* BaseController.swift in Sources */,
				BF5434A120C6D38E00CCC5A4 /* AppDelegate.swift in Sources */,
				BF5434B520C6D9D500CCC5A4 /* Constants.swift in Sources */,
			);
			runOnlyForDeploymentPostprocessing = 0;
		};
/* End PBXSourcesBuildPhase section */

/* Begin PBXVariantGroup section */
		BF5434A420C6D38E00CCC5A4 /* Main.storyboard */ = {
			isa = PBXVariantGroup;
			children = (
				BF5434A520C6D38E00CCC5A4 /* Base */,
			);
			name = Main.storyboard;
			sourceTree = "<group>";
		};
		BF5434A920C6D39600CCC5A4 /* LaunchScreen.storyboard */ = {
			isa = PBXVariantGroup;
			children = (
				BF5434AA20C6D39600CCC5A4 /* Base */,
			);
			name = LaunchScreen.storyboard;
			sourceTree = "<group>";
		};
/* End PBXVariantGroup section */

/* Begin XCBuildConfiguration section */
		BF5434AD20C6D39600CCC5A4 /* Debug */ = {
			isa = XCBuildConfiguration;
			buildSettings = {
				ALWAYS_SEARCH_USER_PATHS = NO;
				CLANG_ANALYZER_NONNULL = YES;
				CLANG_ANALYZER_NUMBER_OBJECT_CONVERSION = YES_AGGRESSIVE;
				CLANG_CXX_LANGUAGE_STANDARD = "gnu++14";
				CLANG_CXX_LIBRARY = "libc++";
				CLANG_ENABLE_MODULES = YES;
				CLANG_ENABLE_OBJC_ARC = YES;
				CLANG_ENABLE_OBJC_WEAK = YES;
				CLANG_WARN_BLOCK_CAPTURE_AUTORELEASING = YES;
				CLANG_WARN_BOOL_CONVERSION = YES;
				CLANG_WARN_COMMA = YES;
				CLANG_WARN_CONSTANT_CONVERSION = YES;
				CLANG_WARN_DEPRECATED_OBJC_IMPLEMENTATIONS = YES;
				CLANG_WARN_DIRECT_OBJC_ISA_USAGE = YES_ERROR;
				CLANG_WARN_DOCUMENTATION_COMMENTS = YES;
				CLANG_WARN_EMPTY_BODY = YES;
				CLANG_WARN_ENUM_CONVERSION = YES;
				CLANG_WARN_INFINITE_RECURSION = YES;
				CLANG_WARN_INT_CONVERSION = YES;
				CLANG_WARN_NON_LITERAL_NULL_CONVERSION = YES;
				CLANG_WARN_OBJC_IMPLICIT_RETAIN_SELF = YES;
				CLANG_WARN_OBJC_LITERAL_CONVERSION = YES;
				CLANG_WARN_OBJC_ROOT_CLASS = YES_ERROR;
				CLANG_WARN_RANGE_LOOP_ANALYSIS = YES;
				CLANG_WARN_STRICT_PROTOTYPES = YES;
				CLANG_WARN_SUSPICIOUS_MOVE = YES;
				CLANG_WARN_UNGUARDED_AVAILABILITY = YES_AGGRESSIVE;
				CLANG_WARN_UNREACHABLE_CODE = YES;
				CLANG_WARN__DUPLICATE_METHOD_MATCH = YES;
				CODE_SIGN_IDENTITY = "iPhone Developer";
				COPY_PHASE_STRIP = NO;
				DEBUG_INFORMATION_FORMAT = dwarf;
				ENABLE_STRICT_OBJC_MSGSEND = YES;
				ENABLE_TESTABILITY = YES;
				GCC_C_LANGUAGE_STANDARD = gnu11;
				GCC_DYNAMIC_NO_PIC = NO;
				GCC_NO_COMMON_BLOCKS = YES;
				GCC_OPTIMIZATION_LEVEL = 0;
				GCC_PREPROCESSOR_DEFINITIONS = (
					"DEBUG=1",
					"$(inherited)",
				);
				GCC_WARN_64_TO_32_BIT_CONVERSION = YES;
				GCC_WARN_ABOUT_RETURN_TYPE = YES_ERROR;
				GCC_WARN_UNDECLARED_SELECTOR = YES;
				GCC_WARN_UNINITIALIZED_AUTOS = YES_AGGRESSIVE;
				GCC_WARN_UNUSED_FUNCTION = YES;
				GCC_WARN_UNUSED_VARIABLE = YES;
				IPHONEOS_DEPLOYMENT_TARGET = 11.3;
				MTL_ENABLE_DEBUG_INFO = YES;
				ONLY_ACTIVE_ARCH = YES;
				SDKROOT = iphoneos;
				SWIFT_ACTIVE_COMPILATION_CONDITIONS = DEBUG;
				SWIFT_OPTIMIZATION_LEVEL = "-Onone";
			};
			name = Debug;
		};
		BF5434AE20C6D39600CCC5A4 /* Release */ = {
			isa = XCBuildConfiguration;
			buildSettings = {
				ALWAYS_SEARCH_USER_PATHS = NO;
				CLANG_ANALYZER_NONNULL = YES;
				CLANG_ANALYZER_NUMBER_OBJECT_CONVERSION = YES_AGGRESSIVE;
				CLANG_CXX_LANGUAGE_STANDARD = "gnu++14";
				CLANG_CXX_LIBRARY = "libc++";
				CLANG_ENABLE_MODULES = YES;
				CLANG_ENABLE_OBJC_ARC = YES;
				CLANG_ENABLE_OBJC_WEAK = YES;
				CLANG_WARN_BLOCK_CAPTURE_AUTORELEASING = YES;
				CLANG_WARN_BOOL_CONVERSION = YES;
				CLANG_WARN_COMMA = YES;
				CLANG_WARN_CONSTANT_CONVERSION = YES;
				CLANG_WARN_DEPRECATED_OBJC_IMPLEMENTATIONS = YES;
				CLANG_WARN_DIRECT_OBJC_ISA_USAGE = YES_ERROR;
				CLANG_WARN_DOCUMENTATION_COMMENTS = YES;
				CLANG_WARN_EMPTY_BODY = YES;
				CLANG_WARN_ENUM_CONVERSION = YES;
				CLANG_WARN_INFINITE_RECURSION = YES;
				CLANG_WARN_INT_CONVERSION = YES;
				CLANG_WARN_NON_LITERAL_NULL_CONVERSION = YES;
				CLANG_WARN_OBJC_IMPLICIT_RETAIN_SELF = YES;
				CLANG_WARN_OBJC_LITERAL_CONVERSION = YES;
				CLANG_WARN_OBJC_ROOT_CLASS = YES_ERROR;
				CLANG_WARN_RANGE_LOOP_ANALYSIS = YES;
				CLANG_WARN_STRICT_PROTOTYPES = YES;
				CLANG_WARN_SUSPICIOUS_MOVE = YES;
				CLANG_WARN_UNGUARDED_AVAILABILITY = YES_AGGRESSIVE;
				CLANG_WARN_UNREACHABLE_CODE = YES;
				CLANG_WARN__DUPLICATE_METHOD_MATCH = YES;
				CODE_SIGN_IDENTITY = "iPhone Developer";
				COPY_PHASE_STRIP = NO;
				DEBUG_INFORMATION_FORMAT = "dwarf-with-dsym";
				ENABLE_NS_ASSERTIONS = NO;
				ENABLE_STRICT_OBJC_MSGSEND = YES;
				GCC_C_LANGUAGE_STANDARD = gnu11;
				GCC_NO_COMMON_BLOCKS = YES;
				GCC_WARN_64_TO_32_BIT_CONVERSION = YES;
				GCC_WARN_ABOUT_RETURN_TYPE = YES_ERROR;
				GCC_WARN_UNDECLARED_SELECTOR = YES;
				GCC_WARN_UNINITIALIZED_AUTOS = YES_AGGRESSIVE;
				GCC_WARN_UNUSED_FUNCTION = YES;
				GCC_WARN_UNUSED_VARIABLE = YES;
				IPHONEOS_DEPLOYMENT_TARGET = 11.3;
				MTL_ENABLE_DEBUG_INFO = NO;
				SDKROOT = iphoneos;
				SWIFT_COMPILATION_MODE = wholemodule;
				SWIFT_OPTIMIZATION_LEVEL = "-O";
				VALIDATE_PRODUCT = YES;
			};
			name = Release;
		};
		BF5434B020C6D39600CCC5A4 /* Debug */ = {
			isa = XCBuildConfiguration;
			baseConfigurationReference = F4A7C4DFE3679A6A6F46946F /* Pods-MLKitTest.debug.xcconfig */;
			buildSettings = {
				ASSETCATALOG_COMPILER_APPICON_NAME = AppIcon;
				CODE_SIGN_IDENTITY = "iPhone Developer";
				CODE_SIGN_STYLE = Automatic;
				DEVELOPMENT_TEAM = "";
				INFOPLIST_FILE = MLKitTest/Info.plist;
				LD_RUNPATH_SEARCH_PATHS = (
					"$(inherited)",
					"@executable_path/Frameworks",
				);
				PRODUCT_BUNDLE_IDENTIFIER = com.xmartlabs.MLKitTest;
				PRODUCT_NAME = "$(TARGET_NAME)";
				PROVISIONING_PROFILE_SPECIFIER = "";
				SWIFT_VERSION = 4.0;
				TARGETED_DEVICE_FAMILY = "1,2";
			};
			name = Debug;
		};
		BF5434B120C6D39600CCC5A4 /* Release */ = {
			isa = XCBuildConfiguration;
			baseConfigurationReference = BFFAF022F4D2C4AD87375BDF /* Pods-MLKitTest.release.xcconfig */;
			buildSettings = {
				ASSETCATALOG_COMPILER_APPICON_NAME = AppIcon;
				CODE_SIGN_IDENTITY = "iPhone Developer";
				CODE_SIGN_STYLE = Automatic;
				DEVELOPMENT_TEAM = "";
				INFOPLIST_FILE = MLKitTest/Info.plist;
				LD_RUNPATH_SEARCH_PATHS = (
					"$(inherited)",
					"@executable_path/Frameworks",
				);
				PRODUCT_BUNDLE_IDENTIFIER = com.xmartlabs.MLKitTest;
				PRODUCT_NAME = "$(TARGET_NAME)";
				PROVISIONING_PROFILE_SPECIFIER = "";
				SWIFT_VERSION = 4.0;
				TARGETED_DEVICE_FAMILY = "1,2";
			};
			name = Release;
		};
/* End XCBuildConfiguration section */

/* Begin XCConfigurationList section */
		BF54349820C6D38E00CCC5A4 /* Build configuration list for PBXProject "MLKitTest" */ = {
			isa = XCConfigurationList;
			buildConfigurations = (
				BF5434AD20C6D39600CCC5A4 /* Debug */,
				BF5434AE20C6D39600CCC5A4 /* Release */,
			);
			defaultConfigurationIsVisible = 0;
			defaultConfigurationName = Release;
		};
		BF5434AF20C6D39600CCC5A4 /* Build configuration list for PBXNativeTarget "MLKitTest" */ = {
			isa = XCConfigurationList;
			buildConfigurations = (
				BF5434B020C6D39600CCC5A4 /* Debug */,
				BF5434B120C6D39600CCC5A4 /* Release */,
			);
			defaultConfigurationIsVisible = 0;
			defaultConfigurationName = Release;
		};
/* End XCConfigurationList section */
	};
	rootObject = BF54349520C6D38E00CCC5A4 /* Project object */;
}
